
Microsoft Visual Studio Solution File, Format Version 11.00
# Visual Studio 2010
Project("{FAE04EC0-301F-11D3-BF4B-00C04F79EFBC}") = "Assembly-CSharp", "Assembly-CSharp.csproj", "{46271427-CE84-6760-76A6-EB2CE101A956}"
EndProject
Project("{FAE04EC0-301F-11D3-BF4B-00C04F79EFBC}") = "Assembly-CSharp-Editor", "Assembly-CSharp-Editor.csproj", "{D7D06B03-C11D-CC88-8D43-801D212BC37E}"
EndProject
Global
	GlobalSection(SolutionConfigurationPlatforms) = preSolution
		Debug|Any CPU = Debug|Any CPU
		Release|Any CPU = Release|Any CPU
	EndGlobalSection
	GlobalSection(ProjectConfigurationPlatforms) = postSolution
		{46271427-CE84-6760-76A6-EB2CE101A956}.Debug|Any CPU.ActiveCfg = Debug|Any CPU
		{46271427-CE84-6760-76A6-EB2CE101A956}.Debug|Any CPU.Build.0 = Debug|Any CPU
		{46271427-CE84-6760-76A6-EB2CE101A956}.Release|Any CPU.ActiveCfg = Release|Any CPU
		{46271427-CE84-6760-76A6-EB2CE101A956}.Release|Any CPU.Build.0 = Release|Any CPU
		{D7D06B03-C11D-CC88-8D43-801D212BC37E}.Debug|Any CPU.ActiveCfg = Debug|Any CPU
		{D7D06B03-C11D-CC88-8D43-801D212BC37E}.Debug|Any CPU.Build.0 = Debug|Any CPU
		{D7D06B03-C11D-CC88-8D43-801D212BC37E}.Release|Any CPU.ActiveCfg = Release|Any CPU
		{D7D06B03-C11D-CC88-8D43-801D212BC37E}.Release|Any CPU.Build.0 = Release|Any CPU
	EndGlobalSection
	GlobalSection(SolutionProperties) = preSolution
		HideSolutionNode = FALSE
	EndGlobalSection
	GlobalSection(MonoDevelopProperties) = preSolution
		StartupItem = Assembly-CSharp.csproj
	EndGlobalSection
EndGlobal
